
Microsoft Visual Studio Solution File, Format Version 12.00
# Visual Studio 15
VisualStudioVersion = 15.0.28307.438
MinimumVisualStudioVersion = 10.0.40219.1
Project("{9A19103F-16F7-4668-BE54-9A1E7A4F7556}") = "GeekBurger.Production.Test", "GeekBurger.Production.Test\GeekBurger.Production.Test.csproj", "{AD025BC6-C1C9-40BB-A589-DFF168DE2A43}"
EndProject
Project("{9A19103F-16F7-4668-BE54-9A1E7A4F7556}") = "GeekBurger.Production", "GeekBurger.Production.Api\GeekBurger.Production.csproj", "{7B056915-B562-4A20-A16A-9E1EE00EC43C}"
EndProject
Project("{9A19103F-16F7-4668-BE54-9A1E7A4F7556}") = "GeekBurger.Production.Contract", "GeekBurger.Production.Contract\GeekBurger.Production.Contract.csproj", "{2A2ED9EA-35CC-49D5-BDBE-A3332B61E29D}"
EndProject
Project("{2150E333-8FDC-42A3-9474-1A3956D46DE8}") = "Documentation", "Documentation", "{4653831A-0F37-4C87-BB0B-E0AB797FC518}"
	ProjectSection(SolutionItems) = preProject
		Documentation\Nuget.txt = Documentation\Nuget.txt
	EndProjectSection
EndProject
Global
	GlobalSection(SolutionConfigurationPlatforms) = preSolution
		Debug|Any CPU = Debug|Any CPU
		Release|Any CPU = Release|Any CPU
	EndGlobalSection
	GlobalSection(ProjectConfigurationPlatforms) = postSolution
		{AD025BC6-C1C9-40BB-A589-DFF168DE2A43}.Debug|Any CPU.ActiveCfg = Debug|Any CPU
		{AD025BC6-C1C9-40BB-A589-DFF168DE2A43}.Debug|Any CPU.Build.0 = Debug|Any CPU
		{AD025BC6-C1C9-40BB-A589-DFF168DE2A43}.Release|Any CPU.ActiveCfg = Release|Any CPU
		{AD025BC6-C1C9-40BB-A589-DFF168DE2A43}.Release|Any CPU.Build.0 = Release|Any CPU
		{7B056915-B562-4A20-A16A-9E1EE00EC43C}.Debug|Any CPU.ActiveCfg = Debug|Any CPU
		{7B056915-B562-4A20-A16A-9E1EE00EC43C}.Debug|Any CPU.Build.0 = Debug|Any CPU
		{7B056915-B562-4A20-A16A-9E1EE00EC43C}.Release|Any CPU.ActiveCfg = Release|Any CPU
		{7B056915-B562-4A20-A16A-9E1EE00EC43C}.Release|Any CPU.Build.0 = Release|Any CPU
		{2A2ED9EA-35CC-49D5-BDBE-A3332B61E29D}.Debug|Any CPU.ActiveCfg = Debug|Any CPU
		{2A2ED9EA-35CC-49D5-BDBE-A3332B61E29D}.Debug|Any CPU.Build.0 = Debug|Any CPU
		{2A2ED9EA-35CC-49D5-BDBE-A3332B61E29D}.Release|Any CPU.ActiveCfg = Release|Any CPU
		{2A2ED9EA-35CC-49D5-BDBE-A3332B61E29D}.Release|Any CPU.Build.0 = Release|Any CPU
	EndGlobalSection
	GlobalSection(SolutionProperties) = preSolution
		HideSolutionNode = FALSE
	EndGlobalSection
	GlobalSection(ExtensibilityGlobals) = postSolution
		SolutionGuid = {1F7D8048-E724-4383-AA56-97F68BEC4F5D}
	EndGlobalSection
EndGlobal
